
Microsoft Visual Studio Solution File, Format Version 12.00
# Visual Studio 15
VisualStudioVersion = 15.0.28307.1525
MinimumVisualStudioVersion = 10.0.40219.1
Project("{FAE04EC0-301F-11D3-BF4B-00C04F79EFBC}") = "IsItALeapYear", "IsItALeapYear\IsItALeapYear.csproj", "{1B8BB42A-ACE2-4505-805E-747553BFCA7C}"
EndProject
Project("{FAE04EC0-301F-11D3-BF4B-00C04F79EFBC}") = "UnitTestProject1", "UnitTestProject1\UnitTestProject1.csproj", "{6190ADC0-8DA1-4F6B-9766-86EF4E6219C6}"
EndProject
Global
	GlobalSection(SolutionConfigurationPlatforms) = preSolution
		Debug|Any CPU = Debug|Any CPU
		Release|Any CPU = Release|Any CPU
	EndGlobalSection
	GlobalSection(ProjectConfigurationPlatforms) = postSolution
		{1B8BB42A-ACE2-4505-805E-747553BFCA7C}.Debug|Any CPU.ActiveCfg = Debug|Any CPU
		{1B8BB42A-ACE2-4505-805E-747553BFCA7C}.Debug|Any CPU.Build.0 = Debug|Any CPU
		{1B8BB42A-ACE2-4505-805E-747553BFCA7C}.Release|Any CPU.ActiveCfg = Release|Any CPU
		{1B8BB42A-ACE2-4505-805E-747553BFCA7C}.Release|Any CPU.Build.0 = Release|Any CPU
		{6190ADC0-8DA1-4F6B-9766-86EF4E6219C6}.Debug|Any CPU.ActiveCfg = Debug|Any CPU
		{6190ADC0-8DA1-4F6B-9766-86EF4E6219C6}.Debug|Any CPU.Build.0 = Debug|Any CPU
		{6190ADC0-8DA1-4F6B-9766-86EF4E6219C6}.Release|Any CPU.ActiveCfg = Release|Any CPU
		{6190ADC0-8DA1-4F6B-9766-86EF4E6219C6}.Release|Any CPU.Build.0 = Release|Any CPU
	EndGlobalSection
	GlobalSection(SolutionProperties) = preSolution
		HideSolutionNode = FALSE
	EndGlobalSection
	GlobalSection(ExtensibilityGlobals) = postSolution
		SolutionGuid = {B6E59D03-ADF1-4AB2-B0FF-41E90FE9334D}
	EndGlobalSection
EndGlobal
